Microsoft Visual Studio Solution File, Format Version 11.00
# Visual Studio 2010
Project("{FAE04EC0-301F-11D3-BF4B-00C04F79EFBC}") = "Graf_kom", "Graf_kom.csproj", "{699C1FBA-66EE-446E-8FA8-441041FE05B8}"
EndProject
Global
	GlobalSection(SolutionConfigurationPlatforms) = preSolution
		Debug|Any CPU = Debug|Any CPU
		Release|Any CPU = Release|Any CPU
	EndGlobalSection
	GlobalSection(ProjectConfigurationPlatforms) = postSolution
		{699C1FBA-66EE-446E-8FA8-441041FE05B8}.Debug|Any CPU.ActiveCfg = Debug|Any CPU
		{699C1FBA-66EE-446E-8FA8-441041FE05B8}.Debug|Any CPU.Build.0 = Debug|Any CPU
		{699C1FBA-66EE-446E-8FA8-441041FE05B8}.Release|Any CPU.ActiveCfg = Release|Any CPU
		{699C1FBA-66EE-446E-8FA8-441041FE05B8}.Release|Any CPU.Build.0 = Release|Any CPU
	EndGlobalSection
	GlobalSection(SolutionProperties) = preSolution
		HideSolutionNode = FALSE
	EndGlobalSection
EndGlobal
